<?xml version="1.0" encoding="utf-8"?>
<Project ToolsVersion="4.0" xmlns="http://schemas.microsoft.com/developer/msbuild/2003">
  <ItemGroup>
    <Filter Include="include">
      <UniqueIdentifier>{87ccac8c-d632-499f-a5e6-d2c060dfbd76}</UniqueIdentifier>
    </Filter>
    <Filter Include="src">
      <UniqueIdentifier>{baf5d330-46e1-4005-926a-7a471c8842a9}</UniqueIdentifier>
    </Filter>
  </ItemGroup>
  <ItemGroup>
    <ClInclude Include="include\filelib.h">
      <Filter>include</Filter>
    </ClInclude>
  </ItemGroup>
  <ItemGroup>
    <ClCompile Include="src\filelib.c">
      <Filter>src</Filter>
    </ClCompile>
  </ItemGroup>
</Project>